
Microsoft Visual Studio Solution File, Format Version 12.00
# Visual Studio 14
VisualStudioVersion = 14.0.24720.0
MinimumVisualStudioVersion = 10.0.40219.1
Project("{FAE04EC0-301F-11D3-BF4B-00C04F79EFBC}") = "FluidSimulation", "FluidSimulation\FluidSimulation.csproj", "{93691DC7-0BB5-4618-AA3B-6901B3435C50}"
EndProject
Project("{FAE04EC0-301F-11D3-BF4B-00C04F79EFBC}") = "FluidSimulation.Console", "FluidSimulation.Console\FluidSimulation.Console.csproj", "{8AB18F8D-83CC-408B-8562-8207018CB380}"
EndProject
Project("{FAE04EC0-301F-11D3-BF4B-00C04F79EFBC}") = "PerlinNoise", "PerlinNoise\PerlinNoise.csproj", "{364A69E4-AAAA-4578-A759-BAA601FDF6C7}"
EndProject
Global
	GlobalSection(SolutionConfigurationPlatforms) = preSolution
		Debug|Any CPU = Debug|Any CPU
		Release|Any CPU = Release|Any CPU
	EndGlobalSection
	GlobalSection(ProjectConfigurationPlatforms) = postSolution
		{93691DC7-0BB5-4618-AA3B-6901B3435C50}.Debug|Any CPU.ActiveCfg = Debug|Any CPU
		{93691DC7-0BB5-4618-AA3B-6901B3435C50}.Debug|Any CPU.Build.0 = Debug|Any CPU
		{93691DC7-0BB5-4618-AA3B-6901B3435C50}.Release|Any CPU.ActiveCfg = Release|Any CPU
		{93691DC7-0BB5-4618-AA3B-6901B3435C50}.Release|Any CPU.Build.0 = Release|Any CPU
		{8AB18F8D-83CC-408B-8562-8207018CB380}.Debug|Any CPU.ActiveCfg = Debug|Any CPU
		{8AB18F8D-83CC-408B-8562-8207018CB380}.Debug|Any CPU.Build.0 = Debug|Any CPU
		{8AB18F8D-83CC-408B-8562-8207018CB380}.Release|Any CPU.ActiveCfg = Release|Any CPU
		{8AB18F8D-83CC-408B-8562-8207018CB380}.Release|Any CPU.Build.0 = Release|Any CPU
		{364A69E4-AAAA-4578-A759-BAA601FDF6C7}.Debug|Any CPU.ActiveCfg = Debug|Any CPU
		{364A69E4-AAAA-4578-A759-BAA601FDF6C7}.Debug|Any CPU.Build.0 = Debug|Any CPU
		{364A69E4-AAAA-4578-A759-BAA601FDF6C7}.Release|Any CPU.ActiveCfg = Release|Any CPU
		{364A69E4-AAAA-4578-A759-BAA601FDF6C7}.Release|Any CPU.Build.0 = Release|Any CPU
	EndGlobalSection
	GlobalSection(SolutionProperties) = preSolution
		HideSolutionNode = FALSE
	EndGlobalSection
EndGlobal
